
Microsoft Visual Studio Solution File, Format Version 12.00
# Visual Studio 2013
VisualStudioVersion = 12.0.31101.0
MinimumVisualStudioVersion = 10.0.40219.1
Project("{FAE04EC0-301F-11D3-BF4B-00C04F79EFBC}") = "GenericMethod", "GenericMethod\GenericMethod.csproj", "{9D2EE2F1-D27E-4B7D-9727-8440D6D810BB}"
EndProject
Project("{FAE04EC0-301F-11D3-BF4B-00C04F79EFBC}") = "GenericWithMethodFilter", "GenericWithMethodFilter\GenericWithMethodFilter.csproj", "{08BDA770-E205-4808-9FF3-A5242CA35E28}"
EndProject
Project("{FAE04EC0-301F-11D3-BF4B-00C04F79EFBC}") = "GenericClass", "GenericClass\GenericClass.csproj", "{F72506CA-F508-4C6A-9E25-F60AF46788DC}"
EndProject
Project("{FAE04EC0-301F-11D3-BF4B-00C04F79EFBC}") = "ForEach", "ForEach\ForEach.csproj", "{7A0F3546-A464-453E-8F8C-E6DA2E624737}"
EndProject
Global
	GlobalSection(SolutionConfigurationPlatforms) = preSolution
		Debug|Any CPU = Debug|Any CPU
		Release|Any CPU = Release|Any CPU
	EndGlobalSection
	GlobalSection(ProjectConfigurationPlatforms) = postSolution
		{9D2EE2F1-D27E-4B7D-9727-8440D6D810BB}.Debug|Any CPU.ActiveCfg = Debug|Any CPU
		{9D2EE2F1-D27E-4B7D-9727-8440D6D810BB}.Debug|Any CPU.Build.0 = Debug|Any CPU
		{9D2EE2F1-D27E-4B7D-9727-8440D6D810BB}.Release|Any CPU.ActiveCfg = Release|Any CPU
		{9D2EE2F1-D27E-4B7D-9727-8440D6D810BB}.Release|Any CPU.Build.0 = Release|Any CPU
		{08BDA770-E205-4808-9FF3-A5242CA35E28}.Debug|Any CPU.ActiveCfg = Debug|Any CPU
		{08BDA770-E205-4808-9FF3-A5242CA35E28}.Debug|Any CPU.Build.0 = Debug|Any CPU
		{08BDA770-E205-4808-9FF3-A5242CA35E28}.Release|Any CPU.ActiveCfg = Release|Any CPU
		{08BDA770-E205-4808-9FF3-A5242CA35E28}.Release|Any CPU.Build.0 = Release|Any CPU
		{F72506CA-F508-4C6A-9E25-F60AF46788DC}.Debug|Any CPU.ActiveCfg = Debug|Any CPU
		{F72506CA-F508-4C6A-9E25-F60AF46788DC}.Debug|Any CPU.Build.0 = Debug|Any CPU
		{F72506CA-F508-4C6A-9E25-F60AF46788DC}.Release|Any CPU.ActiveCfg = Release|Any CPU
		{F72506CA-F508-4C6A-9E25-F60AF46788DC}.Release|Any CPU.Build.0 = Release|Any CPU
		{7A0F3546-A464-453E-8F8C-E6DA2E624737}.Debug|Any CPU.ActiveCfg = Debug|Any CPU
		{7A0F3546-A464-453E-8F8C-E6DA2E624737}.Debug|Any CPU.Build.0 = Debug|Any CPU
		{7A0F3546-A464-453E-8F8C-E6DA2E624737}.Release|Any CPU.ActiveCfg = Release|Any CPU
		{7A0F3546-A464-453E-8F8C-E6DA2E624737}.Release|Any CPU.Build.0 = Release|Any CPU
	EndGlobalSection
	GlobalSection(SolutionProperties) = preSolution
		HideSolutionNode = FALSE
	EndGlobalSection
EndGlobal
